// !$*UTF8*$!
{
	archiveVersion = 1;
	classes = {
	};
	objectVersion = 46;
	objects = {

/* Begin PBXBuildFile section */
		75C8B7FF18E3C128000B998A /* UIImageView+PlayGIF.m in Sources */ = {isa = PBXBuildFile; fileRef = 75C8B7FC18E3C128000B998A /* UIImageView+PlayGIF.m */; };
		75C8B80018E3C128000B998A /* YFGIFImageView.m in Sources */ = {isa = PBXBuildFile; fileRef = 75C8B7FE18E3C128000B998A /* YFGIFImageView.m */; };
		75C8B80218E3C186000B998A /* car.gif in Resources */ = {isa = PBXBuildFile; fileRef = 75C8B80118E3C186000B998A /* car.gif */; };
		75EEAFEC18E3C0CA006FC7A4 /* Foundation.framework in Frameworks */ = {isa = PBXBuildFile; fileRef = 75EEAFEB18E3C0CA006FC7A4 /* Foundation.framework */; };
		75EEAFEE18E3C0CA006FC7A4 /* CoreGraphics.framework in Frameworks */ = {isa = PBXBuildFile; fileRef = 75EEAFED18E3C0CA006FC7A4 /* CoreGraphics.framework */; };
		75EEAFF018E3C0CA006FC7A4 /* UIKit.framework in Frameworks */ = {isa = PBXBuildFile; fileRef = 75EEAFEF18E3C0CA006FC7A4 /* UIKit.framework */; };
		75EEAFF618E3C0CA006FC7A4 /* InfoPlist.strings in Resources */ = {isa = PBXBuildFile; fileRef = 75EEAFF418E3C0CA006FC7A4 /* InfoPlist.strings */; };
		75EEAFF818E3C0CA006FC7A4 /* main.m in Sources */ = {isa = PBXBuildFile; fileRef = 75EEAFF718E3C0CA006FC7A4 /* main.m */; };
		75EEAFFC18E3C0CA006FC7A4 /* AppDelegate.m in Sources */ = {isa = PBXBuildFile; fileRef = 75EEAFFB18E3C0CA006FC7A4 /* AppDelegate.m */; };
		75EEAFFF18E3C0CA006FC7A4 /* Main.storyboard in Resources */ = {isa = PBXBuildFile; fileRef = 75EEAFFD18E3C0CA006FC7A4 /* Main.storyboard */; };
		75EEB00218E3C0CA006FC7A4 /* ViewController.m in Sources */ = {isa = PBXBuildFile; fileRef = 75EEB00118E3C0CA006FC7A4 /* ViewController.m */; };
		75EEB00418E3C0CA006FC7A4 /* Images.xcassets in Resources */ = {isa = PBXBuildFile; fileRef = 75EEB00318E3C0CA006FC7A4 /* Images.xcassets */; };
		75EEB00B18E3C0CA006FC7A4 /* XCTest.framework in Frameworks */ = {isa = PBXBuildFile; fileRef = 75EEB00A18E3C0CA006FC7A4 /* XCTest.framework */; };
		75EEB00C18E3C0CA006FC7A4 /* Foundation.framework in Frameworks */ = {isa = PBXBuildFile; fileRef = 75EEAFEB18E3C0CA006FC7A4 /* Foundation.framework */; };
		75EEB00D18E3C0CA006FC7A4 /* UIKit.framework in Frameworks */ = {isa = PBXBuildFile; fileRef = 75EEAFEF18E3C0CA006FC7A4 /* UIKit.framework */; };
		75EEB01518E3C0CA006FC7A4 /* InfoPlist.strings in Resources */ = {isa = PBXBuildFile; fileRef = 75EEB01318E3C0CA006FC7A4 /* InfoPlist.strings */; };
		75EEB01718E3C0CA006FC7A4 /* UIImageView_PlayGIFTests.m in Sources */ = {isa = PBXBuildFile; fileRef = 75EEB01618E3C0CA006FC7A4 /* UIImageView_PlayGIFTests.m */; };
		75EEB02118E3C0E0006FC7A4 /* QuartzCore.framework in Frameworks */ = {isa = PBXBuildFile; fileRef = 75EEB02018E3C0E0006FC7A4 /* QuartzCore.framework */; };
		75EEB02318E3C0E4006FC7A4 /* ImageIO.framework in Frameworks */ = {isa = PBXBuildFile; fileRef = 75EEB02218E3C0E4006FC7A4 /* ImageIO.framework */; };
		75F09DAB18F23F7200239C6E /* TableViewController.m in Sources */ = {isa = PBXBuildFile; fileRef = 75F09DAA18F23F7200239C6E /* TableViewController.m */; };
/* End PBXBuildFile section */

/* Begin PBXContainerItemProxy section */
		75EEB00E18E3C0CA006FC7A4 /* PBXContainerItemProxy */ = {
			isa = PBXContainerItemProxy;
			containerPortal = 75EEAFE018E3C0CA006FC7A4 /* Project object */;
			proxyType = 1;
			remoteGlobalIDString = 75EEAFE718E3C0CA006FC7A4;
			remoteInfo = "UIImageView-PlayGIF";
		};
/* End PBXContainerItemProxy section */

/* Begin PBXFileReference section */
		75C8B7FB18E3C128000B998A /* UIImageView+PlayGIF.h */ = {isa = PBXFileReference; fileEncoding = 4; lastKnownFileType = sourcecode.c.h; path = "UIImageView+PlayGIF.h"; sourceTree = "<group>"; };
		75C8B7FC18E3C128000B998A /* UIImageView+PlayGIF.m */ = {isa = PBXFileReference; fileEncoding = 4; lastKnownFileType = sourcecode.c.objc; path = "UIImageView+PlayGIF.m"; sourceTree = "<group>"; };
		75C8B7FD18E3C128000B998A /* YFGIFImageView.h */ = {isa = PBXFileReference; fileEncoding = 4; lastKnownFileType = sourcecode.c.h; path = YFGIFImageView.h; sourceTree = "<group>"; };
		75C8B7FE18E3C128000B998A /* YFGIFImageView.m */ = {isa = PBXFileReference; fileEncoding = 4; lastKnownFileType = sourcecode.c.objc; path = YFGIFImageView.m; sourceTree = "<group>"; };
		75C8B80118E3C186000B998A /* car.gif */ = {isa = PBXFileReference; lastKnownFileType = image.gif; path = car.gif; sourceTree = "<group>"; };
		75EEAFE818E3C0CA006FC7A4 /* UIImageView-PlayGIF.app */ = {isa = PBXFileReference; explicitFileType = wrapper.application; includeInIndex = 0; path = "UIImageView-PlayGIF.app"; sourceTree = BUILT_PRODUCTS_DIR; };
		75EEAFEB18E3C0CA006FC7A4 /* Foundation.framework */ = {isa = PBXFileReference; lastKnownFileType = wrapper.framework; name = Foundation.framework; path = System/Library/Frameworks/Foundation.framework; sourceTree = SDKROOT; };
		75EEAFED18E3C0CA006FC7A4 /* CoreGraphics.framework */ = {isa = PBXFileReference; lastKnownFileType = wrapper.framework; name = CoreGraphics.framework; path = System/Library/Frameworks/CoreGraphics.framework; sourceTree = SDKROOT; };
		75EEAFEF18E3C0CA006FC7A4 /* UIKit.framework */ = {isa = PBXFileReference; lastKnownFileType = wrapper.framework; name = UIKit.framework; path = System/Library/Frameworks/UIKit.framework; sourceTree = SDKROOT; };
		75EEAFF318E3C0CA006FC7A4 /* UIImageView-PlayGIF-Info.plist */ = {isa = PBXFileReference; lastKnownFileType = text.plist.xml; path = "UIImageView-PlayGIF-Info.plist"; sourceTree = "<group>"; };
		75EEAFF518E3C0CA006FC7A4 /* en */ = {isa = PBXFileReference; lastKnownFileType = text.plist.strings; name = en; path = en.lproj/InfoPlist.strings; sourceTree = "<group>"; };
		75EEAFF718E3C0CA006FC7A4 /* main.m */ = {isa = PBXFileReference; lastKnownFileType = sourcecode.c.objc; path = main.m; sourceTree = "<group>"; };
		75EEAFF918E3C0CA006FC7A4 /* UIImageView-PlayGIF-Prefix.pch */ = {isa = PBXFileReference; lastKnownFileType = sourcecode.c.h; path = "UIImageView-PlayGIF-Prefix.pch"; sourceTree = "<group>"; };
		75EEAFFA18E3C0CA006FC7A4 /* AppDelegate.h */ = {isa = PBXFileReference; lastKnownFileType = sourcecode.c.h; path = AppDelegate.h; sourceTree = "<group>"; };
		75EEAFFB18E3C0CA006FC7A4 /* AppDelegate.m */ = {isa = PBXFileReference; lastKnownFileType = sourcecode.c.objc; path = AppDelegate.m; sourceTree = "<group>"; };
		75EEAFFE18E3C0CA006FC7A4 /* Base */ = {isa = PBXFileReference; lastKnownFileType = file.storyboard; name = Base; path = Base.lproj/Main.storyboard; sourceTree = "<group>"; };
		75EEB00018E3C0CA006FC7A4 /* ViewController.h */ = {isa = PBXFileReference; lastKnownFileType = sourcecode.c.h; path = ViewController.h; sourceTree = "<group>"; };
		75EEB00118E3C0CA006FC7A4 /* ViewController.m */ = {isa = PBXFileReference; lastKnownFileType = sourcecode.c.objc; path = ViewController.m; sourceTree = "<group>"; };
		75EEB00318E3C0CA006FC7A4 /* Images.xcassets */ = {isa = PBXFileReference; lastKnownFileType = folder.assetcatalog; path = Images.xcassets; sourceTree = "<group>"; };
		75EEB00918E3C0CA006FC7A4 /* UIImageView-PlayGIFTests.xctest */ = {isa = PBXFileReference; explicitFileType = wrapper.cfbundle; includeInIndex = 0; path = "UIImageView-PlayGIFTests.xctest"; sourceTree = BUILT_PRODUCTS_DIR; };
		75EEB00A18E3C0CA006FC7A4 /* XCTest.framework */ = {isa = PBXFileReference; lastKnownFileType = wrapper.framework; name = XCTest.framework; path = Library/Frameworks/XCTest.framework; sourceTree = DEVELOPER_DIR; };
		75EEB01218E3C0CA006FC7A4 /* UIImageView-PlayGIFTests-Info.plist */ = {isa = PBXFileReference; lastKnownFileType = text.plist.xml; path = "UIImageView-PlayGIFTests-Info.plist"; sourceTree = "<group>"; };
		75EEB01418E3C0CA006FC7A4 /* en */ = {isa = PBXFileReference; lastKnownFileType = text.plist.strings; name = en; path = en.lproj/InfoPlist.strings; sourceTree = "<group>"; };
		75EEB01618E3C0CA006FC7A4 /* UIImageView_PlayGIFTests.m */ = {isa = PBXFileReference; lastKnownFileType = sourcecode.c.objc; path = UIImageView_PlayGIFTests.m; sourceTree = "<group>"; };
		75EEB02018E3C0E0006FC7A4 /* QuartzCore.framework */ = {isa = PBXFileReference; lastKnownFileType = wrapper.framework; name = QuartzCore.framework; path = System/Library/Frameworks/QuartzCore.framework; sourceTree = SDKROOT; };
		75EEB02218E3C0E4006FC7A4 /* ImageIO.framework */ = {isa = PBXFileReference; lastKnownFileType = wrapper.framework; name = ImageIO.framework; path = System/Library/Frameworks/ImageIO.framework; sourceTree = SDKROOT; };
		75F09DA918F23F7200239C6E /* TableViewController.h */ = {isa = PBXFileReference; fileEncoding = 4; lastKnownFileType = sourcecode.c.h; path = TableViewController.h; sourceTree = "<group>"; };
		75F09DAA18F23F7200239C6E /* TableViewController.m */ = {isa = PBXFileReference; fileEncoding = 4; lastKnownFileType = sourcecode.c.objc; path = TableViewController.m; sourceTree = "<group>"; };
/* End PBXFileReference section */

/* Begin PBXFrameworksBuildPhase section */
		75EEAFE518E3C0CA006FC7A4 /* Frameworks */ = {
			isa = PBXFrameworksBuildPhase;
			buildActionMask = 2147483647;
			files = (
				75EEB02318E3C0E4006FC7A4 /* ImageIO.framework in Frameworks */,
				75EEB02118E3C0E0006FC7A4 /* QuartzCore.framework in Frameworks */,
				75EEAFEE18E3C0CA006FC7A4 /* CoreGraphics.framework in Frameworks */,
				75EEAFF018E3C0CA006FC7A4 /* UIKit.framework in Frameworks */,
				75EEAFEC18E3C0CA006FC7A4 /* Foundation.framework in Frameworks */,
			);
			runOnlyForDeploymentPostprocessing = 0;
		};
		75EEB00618E3C0CA006FC7A4 /* Frameworks */ = {
			isa = PBXFrameworksBuildPhase;
			buildActionMask = 2147483647;
			files = (
				75EEB00B18E3C0CA006FC7A4 /* XCTest.framework in Frameworks */,
				75EEB00D18E3C0CA006FC7A4 /* UIKit.framework in Frameworks */,
				75EEB00C18E3C0CA006FC7A4 /* Foundation.framework in Frameworks */,
			);
			runOnlyForDeploymentPostprocessing = 0;
		};
/* End PBXFrameworksBuildPhase section */

/* Begin PBXGroup section */
		75C8B7FA18E3C128000B998A /* UIImageView-PlayGIF */ = {
			isa = PBXGroup;
			children = (
				75C8B7FB18E3C128000B998A /* UIImageView+PlayGIF.h */,
				75C8B7FC18E3C128000B998A /* UIImageView+PlayGIF.m */,
				75C8B7FD18E3C128000B998A /* YFGIFImageView.h */,
				75C8B7FE18E3C128000B998A /* YFGIFImageView.m */,
			);
			path = "UIImageView-PlayGIF";
			sourceTree = "<group>";
		};
		75EEAFDF18E3C0CA006FC7A4 = {
			isa = PBXGroup;
			children = (
				75EEAFF118E3C0CA006FC7A4 /* UIImageView-PlayGIF */,
				75EEB01018E3C0CA006FC7A4 /* UIImageView-PlayGIFTests */,
				75EEAFEA18E3C0CA006FC7A4 /* Frameworks */,
				75EEAFE918E3C0CA006FC7A4 /* Products */,
			);
			sourceTree = "<group>";
		};
		75EEAFE918E3C0CA006FC7A4 /* Products */ = {
			isa = PBXGroup;
			children = (
				75EEAFE818E3C0CA006FC7A4 /* UIImageView-PlayGIF.app */,
				75EEB00918E3C0CA006FC7A4 /* UIImageView-PlayGIFTests.xctest */,
			);
			name = Products;
			sourceTree = "<group>";
		};
		75EEAFEA18E3C0CA006FC7A4 /* Frameworks */ = {
			isa = PBXGroup;
			children = (
				75EEB02218E3C0E4006FC7A4 /* ImageIO.framework */,
				75EEB02018E3C0E0006FC7A4 /* QuartzCore.framework */,
				75EEAFEB18E3C0CA006FC7A4 /* Foundation.framework */,
				75EEAFED18E3C0CA006FC7A4 /* CoreGraphics.framework */,
				75EEAFEF18E3C0CA006FC7A4 /* UIKit.framework */,
				75EEB00A18E3C0CA006FC7A4 /* XCTest.framework */,
			);
			name = Frameworks;
			sourceTree = "<group>";
		};
		75EEAFF118E3C0CA006FC7A4 /* UIImageView-PlayGIF */ = {
			isa = PBXGroup;
			children = (
				75C8B7FA18E3C128000B998A /* UIImageView-PlayGIF */,
				75EEAFFA18E3C0CA006FC7A4 /* AppDelegate.h */,
				75EEAFFB18E3C0CA006FC7A4 /* AppDelegate.m */,
				75EEAFFD18E3C0CA006FC7A4 /* Main.storyboard */,
				75EEB00018E3C0CA006FC7A4 /* ViewController.h */,
				75EEB00118E3C0CA006FC7A4 /* ViewController.m */,
				75F09DA918F23F7200239C6E /* TableViewController.h */,
				75F09DAA18F23F7200239C6E /* TableViewController.m */,
				75C8B80118E3C186000B998A /* car.gif */,
				75EEB00318E3C0CA006FC7A4 /* Images.xcassets */,
				75EEAFF218E3C0CA006FC7A4 /* Supporting Files */,
			);
			path = "UIImageView-PlayGIF";
			sourceTree = "<group>";
		};
		75EEAFF218E3C0CA006FC7A4 /* Supporting Files */ = {
			isa = PBXGroup;
			children = (
				75EEAFF318E3C0CA006FC7A4 /* UIImageView-PlayGIF-Info.plist */,
				75EEAFF418E3C0CA006FC7A4 /* InfoPlist.strings */,
				75EEAFF718E3C0CA006FC7A4 /* main.m */,
				75EEAFF918E3C0CA006FC7A4 /* UIImageView-PlayGIF-Prefix.pch */,
			);
			name = "Supporting Files";
			sourceTree = "<group>";
		};
		75EEB01018E3C0CA006FC7A4 /* UIImageView-PlayGIFTests */ = {
			isa = PBXGroup;
			children = (
				75EEB01618E3C0CA006FC7A4 /* UIImageView_PlayGIFTests.m */,
				75EEB01118E3C0CA006FC7A4 /* Supporting Files */,
			);
			path = "UIImageView-PlayGIFTests";
			sourceTree = "<group>";
		};
		75EEB01118E3C0CA006FC7A4 /* Supporting Files */ = {
			isa = PBXGroup;
			children = (
				75EEB01218E3C0CA006FC7A4 /* UIImageView-PlayGIFTests-Info.plist */,
				75EEB01318E3C0CA006FC7A4 /* InfoPlist.strings */,
			);
			name = "Supporting Files";
			sourceTree = "<group>";
		};
/* End PBXGroup section */

/* Begin PBXNativeTarget section */
		75EEAFE718E3C0CA006FC7A4 /* UIImageView-PlayGIF */ = {
			isa = PBXNativeTarget;
			buildConfigurationList = 75EEB01A18E3C0CA006FC7A4 /* Build configuration list for PBXNativeTarget "UIImageView-PlayGIF" */;
			buildPhases = (
				75EEAFE418E3C0CA006FC7A4 /* Sources */,
				75EEAFE518E3C0CA006FC7A4 /* Frameworks */,
				75EEAFE618E3C0CA006FC7A4 /* Resources */,
			);
			buildRules = (
			);
			dependencies = (
			);
			name = "UIImageView-PlayGIF";
			productName = "UIImageView-PlayGIF";
			productReference = 75EEAFE818E3C0CA006FC7A4 /* UIImageView-PlayGIF.app */;
			productType = "com.apple.product-type.application";
		};
		75EEB00818E3C0CA006FC7A4 /* UIImageView-PlayGIFTests */ = {
			isa = PBXNativeTarget;
			buildConfigurationList = 75EEB01D18E3C0CA006FC7A4 /* Build configuration list for PBXNativeTarget "UIImageView-PlayGIFTests" */;
			buildPhases = (
				75EEB00518E3C0CA006FC7A4 /* Sources */,
				75EEB00618E3C0CA006FC7A4 /* Frameworks */,
				75EEB00718E3C0CA006FC7A4 /* Resources */,
			);
			buildRules = (
			);
			dependencies = (
				75EEB00F18E3C0CA006FC7A4 /* PBXTargetDependency */,
			);
			name = "UIImageView-PlayGIFTests";
			productName = "UIImageView-PlayGIFTests";
			productReference = 75EEB00918E3C0CA006FC7A4 /* UIImageView-PlayGIFTests.xctest */;
			productType = "com.apple.product-type.bundle.unit-test";
		};
/* End PBXNativeTarget section */

/* Begin PBXProject section */
		75EEAFE018E3C0CA006FC7A4 /* Project object */ = {
			isa = PBXProject;
			attributes = {
				LastUpgradeCheck = 0510;
				ORGANIZATIONNAME = yangfei.me;
				TargetAttributes = {
					75EEB00818E3C0CA006FC7A4 = {
						TestTargetID = 75EEAFE718E3C0CA006FC7A4;
					};
				};
			};
			buildConfigurationList = 75EEAFE318E3C0CA006FC7A4 /* Build configuration list for PBXProject "UIImageView-PlayGIF" */;
			compatibilityVersion = "Xcode 3.2";
			developmentRegion = English;
			hasScannedForEncodings = 0;
			knownRegions = (
				en,
				Base,
			);
			mainGroup = 75EEAFDF18E3C0CA006FC7A4;
			productRefGroup = 75EEAFE918E3C0CA006FC7A4 /* Products */;
			projectDirPath = "";
			projectRoot = "";
			targets = (
				75EEAFE718E3C0CA006FC7A4 /* UIImageView-PlayGIF */,
				75EEB00818E3C0CA006FC7A4 /* UIImageView-PlayGIFTests */,
			);
		};
/* End PBXProject section */

/* Begin PBXResourcesBuildPhase section */
		75EEAFE618E3C0CA006FC7A4 /* Resources */ = {
			isa = PBXResourcesBuildPhase;
			buildActionMask = 2147483647;
			files = (
				75EEB00418E3C0CA006FC7A4 /* Images.xcassets in Resources */,
				75C8B80218E3C186000B998A /* car.gif in Resources */,
				75EEAFF618E3C0CA006FC7A4 /* InfoPlist.strings in Resources */,
				75EEAFFF18E3C0CA006FC7A4 /* Main.storyboard in Resources */,
			);
			runOnlyForDeploymentPostprocessing = 0;
		};
		75EEB00718E3C0CA006FC7A4 /* Resources */ = {
			isa = PBXResourcesBuildPhase;
			buildActionMask = 2147483647;
			files = (
				75EEB01518E3C0CA006FC7A4 /* InfoPlist.strings in Resources */,
			);
			runOnlyForDeploymentPostprocessing = 0;
		};
/* End PBXResourcesBuildPhase section */

/* Begin PBXSourcesBuildPhase section */
		75EEAFE418E3C0CA006FC7A4 /* Sources */ = {
			isa = PBXSourcesBuildPhase;
			buildActionMask = 2147483647;
			files = (
				75EEB00218E3C0CA006FC7A4 /* ViewController.m in Sources */,
				75F09DAB18F23F7200239C6E /* TableViewController.m in Sources */,
				75EEAFFC18E3C0CA006FC7A4 /* AppDelegate.m in Sources */,
				75EEAFF818E3C0CA006FC7A4 /* main.m in Sources */,
				75C8B7FF18E3C128000B998A /* UIImageView+PlayGIF.m in Sources */,
				75C8B80018E3C128000B998A /* YFGIFImageView.m in Sources */,
			);
			runOnlyForDeploymentPostprocessing = 0;
		};
		75EEB00518E3C0CA006FC7A4 /* Sources */ = {
			isa = PBXSourcesBuildPhase;
			buildActionMask = 2147483647;
			files = (
				75EEB01718E3C0CA006FC7A4 /* UIImageView_PlayGIFTests.m in Sources */,
			);
			runOnlyForDeploymentPostprocessing = 0;
		};
/* End PBXSourcesBuildPhase section */

/* Begin PBXTargetDependency section */
		75EEB00F18E3C0CA006FC7A4 /* PBXTargetDependency */ = {
			isa = PBXTargetDependency;
			target = 75EEAFE718E3C0CA006FC7A4 /* UIImageView-PlayGIF */;
			targetProxy = 75EEB00E18E3C0CA006FC7A4 /* PBXContainerItemProxy */;
		};
/* End PBXTargetDependency section */

/* Begin PBXVariantGroup section */
		75EEAFF418E3C0CA006FC7A4 /* InfoPlist.strings */ = {
			isa = PBXVariantGroup;
			children = (
				75EEAFF518E3C0CA006FC7A4 /* en */,
			);
			name = InfoPlist.strings;
			sourceTree = "<group>";
		};
		75EEAFFD18E3C0CA006FC7A4 /* Main.storyboard */ = {
			isa = PBXVariantGroup;
			children = (
				75EEAFFE18E3C0CA006FC7A4 /* Base */,
			);
			name = Main.storyboard;
			sourceTree = "<group>";
		};
		75EEB01318E3C0CA006FC7A4 /* InfoPlist.strings */ = {
			isa = PBXVariantGroup;
			children = (
				75EEB01418E3C0CA006FC7A4 /* en */,
			);
			name = InfoPlist.strings;
			sourceTree = "<group>";
		};
/* End PBXVariantGroup section */

/* Begin XCBuildConfiguration section */
		75EEB01818E3C0CA006FC7A4 /* Debug */ = {
			isa = XCBuildConfiguration;
			buildSettings = {
				ALWAYS_SEARCH_USER_PATHS = NO;
				CLANG_CXX_LANGUAGE_STANDARD = "gnu++0x";
				CLANG_CXX_LIBRARY = "libc++";
				CLANG_ENABLE_MODULES = YES;
				CLANG_ENABLE_OBJC_ARC = YES;
				CLANG_WARN_BOOL_CONVERSION = YES;
				CLANG_WARN_CONSTANT_CONVERSION = YES;
				CLANG_WARN_DIRECT_OBJC_ISA_USAGE = YES_ERROR;
				CLANG_WARN_EMPTY_BODY = YES;
				CLANG_WARN_ENUM_CONVERSION = YES;
				CLANG_WARN_INT_CONVERSION = YES;
				CLANG_WARN_OBJC_ROOT_CLASS = YES_ERROR;
				CLANG_WARN__DUPLICATE_METHOD_MATCH = YES;
				"CODE_SIGN_IDENTITY[sdk=iphoneos*]" = "iPhone Developer";
				COPY_PHASE_STRIP = NO;
				GCC_C_LANGUAGE_STANDARD = gnu99;
				GCC_DYNAMIC_NO_PIC = NO;
				GCC_OPTIMIZATION_LEVEL = 0;
				GCC_PREPROCESSOR_DEFINITIONS = (
					"DEBUG=1",
					"$(inherited)",
				);
				GCC_SYMBOLS_PRIVATE_EXTERN = NO;
				GCC_WARN_64_TO_32_BIT_CONVERSION = YES;
				GCC_WARN_ABOUT_RETURN_TYPE = YES_ERROR;
				GCC_WARN_UNDECLARED_SELECTOR = YES;
				GCC_WARN_UNINITIALIZED_AUTOS = YES_AGGRESSIVE;
				GCC_WARN_UNUSED_FUNCTION = YES;
				GCC_WARN_UNUSED_VARIABLE = YES;
				IPHONEOS_DEPLOYMENT_TARGET = 7.1;
				ONLY_ACTIVE_ARCH = YES;
				SDKROOT = iphoneos;
			};
			name = Debug;
		};
		75EEB01918E3C0CA006FC7A4 /* Release */ = {
			isa = XCBuildConfiguration;
			buildSettings = {
				ALWAYS_SEARCH_USER_PATHS = NO;
				CLANG_CXX_LANGUAGE_STANDARD = "gnu++0x";
				CLANG_CXX_LIBRARY = "libc++";
				CLANG_ENABLE_MODULES = YES;
				CLANG_ENABLE_OBJC_ARC = YES;
				CLANG_WARN_BOOL_CONVERSION = YES;
				CLANG_WARN_CONSTANT_CONVERSION = YES;
				CLANG_WARN_DIRECT_OBJC_ISA_USAGE = YES_ERROR;
				CLANG_WARN_EMPTY_BODY = YES;
				CLANG_WARN_ENUM_CONVERSION = YES;
				CLANG_WARN_INT_CONVERSION = YES;
				CLANG_WARN_OBJC_ROOT_CLASS = YES_ERROR;
				CLANG_WARN__DUPLICATE_METHOD_MATCH = YES;
				"CODE_SIGN_IDENTITY[sdk=iphoneos*]" = "iPhone Developer";
				COPY_PHASE_STRIP = YES;
				ENABLE_NS_ASSERTIONS = NO;
				GCC_C_LANGUAGE_STANDARD = gnu99;
				GCC_WARN_64_TO_32_BIT_CONVERSION = YES;
				GCC_WARN_ABOUT_RETURN_TYPE = YES_ERROR;
				GCC_WARN_UNDECLARED_SELECTOR = YES;
				GCC_WARN_UNINITIALIZED_AUTOS = YES_AGGRESSIVE;
				GCC_WARN_UNUSED_FUNCTION = YES;
				GCC_WARN_UNUSED_VARIABLE = YES;
				IPHONEOS_DEPLOYMENT_TARGET = 7.1;
				SDKROOT = iphoneos;
				VALIDATE_PRODUCT = YES;
			};
			name = Release;
		};
		75EEB01B18E3C0CA006FC7A4 /* Debug */ = {
			isa = XCBuildConfiguration;
			buildSettings = {
				ASSETCATALOG_COMPILER_APPICON_NAME = AppIcon;
				ASSETCATALOG_COMPILER_LAUNCHIMAGE_NAME = LaunchImage;
				GCC_PRECOMPILE_PREFIX_HEADER = YES;
				GCC_PREFIX_HEADER = "UIImageView-PlayGIF/UIImageView-PlayGIF-Prefix.pch";
				INFOPLIST_FILE = "UIImageView-PlayGIF/UIImageView-PlayGIF-Info.plist";
				IPHONEOS_DEPLOYMENT_TARGET = 6.0;
				PRODUCT_NAME = "$(TARGET_NAME)";
				WRAPPER_EXTENSION = app;
			};
			name = Debug;
		};
		75EEB01C18E3C0CA006FC7A4 /* Release */ = {
			isa = XCBuildConfiguration;
			buildSettings = {
				ASSETCATALOG_COMPILER_APPICON_NAME = AppIcon;
				ASSETCATALOG_COMPILER_LAUNCHIMAGE_NAME = LaunchImage;
				GCC_PRECOMPILE_PREFIX_HEADER = YES;
				GCC_PREFIX_HEADER = "UIImageView-PlayGIF/UIImageView-PlayGIF-Prefix.pch";
				INFOPLIST_FILE = "UIImageView-PlayGIF/UIImageView-PlayGIF-Info.plist";
				IPHONEOS_DEPLOYMENT_TARGET = 6.0;
				PRODUCT_NAME = "$(TARGET_NAME)";
				WRAPPER_EXTENSION = app;
			};
			name = Release;
		};
		75EEB01E18E3C0CA006FC7A4 /* Debug */ = {
			isa = XCBuildConfiguration;
			buildSettings = {
				BUNDLE_LOADER = "$(BUILT_PRODUCTS_DIR)/UIImageView-PlayGIF.app/UIImageView-PlayGIF";
				FRAMEWORK_SEARCH_PATHS = (
					"$(SDKROOT)/Developer/Library/Frameworks",
					"$(inherited)",
					"$(DEVELOPER_FRAMEWORKS_DIR)",
				);
				GCC_PRECOMPILE_PREFIX_HEADER = YES;
				GCC_PREFIX_HEADER = "UIImageView-PlayGIF/UIImageView-PlayGIF-Prefix.pch";
				GCC_PREPROCESSOR_DEFINITIONS = (
					"DEBUG=1",
					"$(inherited)",
				);
				INFOPLIST_FILE = "UIImageView-PlayGIFTests/UIImageView-PlayGIFTests-Info.plist";
				PRODUCT_NAME = "$(TARGET_NAME)";
				TEST_HOST = "$(BUNDLE_LOADER)";
				WRAPPER_EXTENSION = xctest;
			};
			name = Debug;
		};
		75EEB01F18E3C0CA006FC7A4 /* Release */ = {
			isa = XCBuildConfiguration;
			buildSettings = {
				BUNDLE_LOADER = "$(BUILT_PRODUCTS_DIR)/UIImageView-PlayGIF.app/UIImageView-PlayGIF";
				FRAMEWORK_SEARCH_PATHS = (
					"$(SDKROOT)/Developer/Library/Frameworks",
					"$(inherited)",
					"$(DEVELOPER_FRAMEWORKS_DIR)",
				);
				GCC_PRECOMPILE_PREFIX_HEADER = YES;
				GCC_PREFIX_HEADER = "UIImageView-PlayGIF/UIImageView-PlayGIF-Prefix.pch";
				INFOPLIST_FILE = "UIImageView-PlayGIFTests/UIImageView-PlayGIFTests-Info.plist";
				PRODUCT_NAME = "$(TARGET_NAME)";
				TEST_HOST = "$(BUNDLE_LOADER)";
				WRAPPER_EXTENSION = xctest;
			};
			name = Release;
		};
/* End XCBuildConfiguration section */

/* Begin XCConfigurationList section */
		75EEAFE318E3C0CA006FC7A4 /* Build configuration list for PBXProject "UIImageView-PlayGIF" */ = {
			isa = XCConfigurationList;
			buildConfigurations = (
				75EEB01818E3C0CA006FC7A4 /* Debug */,
				75EEB01918E3C0CA006FC7A4 /* Release */,
			);
			defaultConfigurationIsVisible = 0;
			defaultConfigurationName = Release;
		};
		75EEB01A18E3C0CA006FC7A4 /* Build configuration list for PBXNativeTarget "UIImageView-PlayGIF" */ = {
			isa = XCConfigurationList;
			buildConfigurations = (
				75EEB01B18E3C0CA006FC7A4 /* Debug */,
				75EEB01C18E3C0CA006FC7A4 /* Release */,
			);
			defaultConfigurationIsVisible = 0;
			defaultConfigurationName = Release;
		};
		75EEB01D18E3C0CA006FC7A4 /* Build configuration list for PBXNativeTarget "UIImageView-PlayGIFTests" */ = {
			isa = XCConfigurationList;
			buildConfigurations = (
				75EEB01E18E3C0CA006FC7A4 /* Debug */,
				75EEB01F18E3C0CA006FC7A4 /* Release */,
			);
			defaultConfigurationIsVisible = 0;
			defaultConfigurationName = Release;
		};
/* End XCConfigurationList section */
	};
	rootObject = 75EEAFE018E3C0CA006FC7A4 /* Project object */;
}
